// !$*UTF8*$!
{
	archiveVersion = 1;
	classes = {
	};
	objectVersion = 46;
	objects = {

/* Begin PBXBuildFile section */
		ABA06DA91FA547C4005112EF /* AppDelegate.swift in Sources */ = {isa = PBXBuildFile; fileRef = ABA06DA81FA547C4005112EF /* AppDelegate.swift */; };
		ABA06DAB1FA547C4005112EF /* ViewController.swift in Sources */ = {isa = PBXBuildFile; fileRef = ABA06DAA1FA547C4005112EF /* ViewController.swift */; };
		ABA06DAE1FA547C4005112EF /* Main.storyboard in Resources */ = {isa = PBXBuildFile; fileRef = ABA06DAC1FA547C4005112EF /* Main.storyboard */; };
		ABA06DB01FA547C4005112EF /* Assets.xcassets in Resources */ = {isa = PBXBuildFile; fileRef = ABA06DAF1FA547C4005112EF /* Assets.xcassets */; };
		ABA06DB31FA547C4005112EF /* LaunchScreen.storyboard in Resources */ = {isa = PBXBuildFile; fileRef = ABA06DB11FA547C4005112EF /* LaunchScreen.storyboard */; };
		ABA06DBD1FA5678C005112EF /* SecondViewController.swift in Sources */ = {isa = PBXBuildFile; fileRef = ABA06DBC1FA5678C005112EF /* SecondViewController.swift */; };
/* End PBXBuildFile section */

/* Begin PBXFileReference section */
		ABA06DA51FA547C4005112EF /* WhatIsMyNumber.app */ = {isa = PBXFileReference; explicitFileType = wrapper.application; includeInIndex = 0; path = WhatIsMyNumber.app; sourceTree = BUILT_PRODUCTS_DIR; };
		ABA06DA81FA547C4005112EF /* AppDelegate.swift */ = {isa = PBXFileReference; lastKnownFileType = sourcecode.swift; path = AppDelegate.swift; sourceTree = "<group>"; };
		ABA06DAA1FA547C4005112EF /* ViewController.swift */ = {isa = PBXFileReference; lastKnownFileType = sourcecode.swift; path = ViewController.swift; sourceTree = "<group>"; };
		ABA06DAD1FA547C4005112EF /* Base */ = {isa = PBXFileReference; lastKnownFileType = file.storyboard; name = Base; path = Base.lproj/Main.storyboard; sourceTree = "<group>"; };
		ABA06DAF1FA547C4005112EF /* Assets.xcassets */ = {isa = PBXFileReference; lastKnownFileType = folder.assetcatalog; path = Assets.xcassets; sourceTree = "<group>"; };
		ABA06DB21FA547C4005112EF /* Base */ = {isa = PBXFileReference; lastKnownFileType = file.storyboard; name = Base; path = Base.lproj/LaunchScreen.storyboard; sourceTree = "<group>"; };
		ABA06DB41FA547C4005112EF /* Info.plist */ = {isa = PBXFileReference; lastKnownFileType = text.plist.xml; path = Info.plist; sourceTree = "<group>"; };
		ABA06DBC1FA5678C005112EF /* SecondViewController.swift */ = {isa = PBXFileReference; fileEncoding = 4; lastKnownFileType = sourcecode.swift; name = SecondViewController.swift; path = ../SecondViewController.swift; sourceTree = "<group>"; };
/* End PBXFileReference section */

/* Begin PBXFrameworksBuildPhase section */
		ABA06DA21FA547C4005112EF /* Frameworks */ = {
			isa = PBXFrameworksBuildPhase;
			buildActionMask = 2147483647;
			files = (
			);
			runOnlyForDeploymentPostprocessing = 0;
		};
/* End PBXFrameworksBuildPhase section */

/* Begin PBXGroup section */
		ABA06D9C1FA547C4005112EF = {
			isa = PBXGroup;
			children = (
				ABA06DA71FA547C4005112EF /* WhatIsMyNumber */,
				ABA06DA61FA547C4005112EF /* Products */,
			);
			sourceTree = "<group>";
		};
		ABA06DA61FA547C4005112EF /* Products */ = {
			isa = PBXGroup;
			children = (
				ABA06DA51FA547C4005112EF /* WhatIsMyNumber.app */,
			);
			name = Products;
			sourceTree = "<group>";
		};
		ABA06DA71FA547C4005112EF /* WhatIsMyNumber */ = {
			isa = PBXGroup;
			children = (
				ABA06DBC1FA5678C005112EF /* SecondViewController.swift */,
				ABA06DA81FA547C4005112EF /* AppDelegate.swift */,
				ABA06DAA1FA547C4005112EF /* ViewController.swift */,
				ABA06DAC1FA547C4005112EF /* Main.storyboard */,
				ABA06DAF1FA547C4005112EF /* Assets.xcassets */,
				ABA06DB11FA547C4005112EF /* LaunchScreen.storyboard */,
				ABA06DB41FA547C4005112EF /* Info.plist */,
			);
			path = WhatIsMyNumber;
			sourceTree = "<group>";
		};
/* End PBXGroup section */

/* Begin PBXNativeTarget section */
		ABA06DA41FA547C4005112EF /* WhatIsMyNumber */ = {
			isa = PBXNativeTarget;
			buildConfigurationList = ABA06DB71FA547C4005112EF /* Build configuration list for PBXNativeTarget "WhatIsMyNumber" */;
			buildPhases = (
				ABA06DA11FA547C4005112EF /* Sources */,
				ABA06DA21FA547C4005112EF /* Frameworks */,
				ABA06DA31FA547C4005112EF /* Resources */,
			);
			buildRules = (
			);
			dependencies = (
			);
			name = WhatIsMyNumber;
			productName = WhatIsMyNumber;
			productReference = ABA06DA51FA547C4005112EF /* WhatIsMyNumber.app */;
			productType = "com.apple.product-type.application";
		};
/* End PBXNativeTarget section */

/* Begin PBXProject section */
		ABA06D9D1FA547C4005112EF /* Project object */ = {
			isa = PBXProject;
			attributes = {
				LastSwiftUpdateCheck = 0830;
				LastUpgradeCheck = 0830;
				ORGANIZATIONNAME = Johnito;
				TargetAttributes = {
					ABA06DA41FA547C4005112EF = {
						CreatedOnToolsVersion = 8.3.3;
						DevelopmentTeam = N3R5NNRND3;
						ProvisioningStyle = Automatic;
					};
				};
			};
			buildConfigurationList = ABA06DA01FA547C4005112EF /* Build configuration list for PBXProject "WhatIsMyNumber" */;
			compatibilityVersion = "Xcode 3.2";
			developmentRegion = English;
			hasScannedForEncodings = 0;
			knownRegions = (
				en,
				Base,
			);
			mainGroup = ABA06D9C1FA547C4005112EF;
			productRefGroup = ABA06DA61FA547C4005112EF /* Products */;
			projectDirPath = "";
			projectRoot = "";
			targets = (
				ABA06DA41FA547C4005112EF /* WhatIsMyNumber */,
			);
		};
/* End PBXProject section */

/* Begin PBXResourcesBuildPhase section */
		ABA06DA31FA547C4005112EF /* Resources */ = {
			isa = PBXResourcesBuildPhase;
			buildActionMask = 2147483647;
			files = (
				ABA06DB31FA547C4005112EF /* LaunchScreen.storyboard in Resources */,
				ABA06DB01FA547C4005112EF /* Assets.xcassets in Resources */,
				ABA06DAE1FA547C4005112EF /* Main.storyboard in Resources */,
			);
			runOnlyForDeploymentPostprocessing = 0;
		};
/* End PBXResourcesBuildPhase section */

/* Begin PBXSourcesBuildPhase section */
		ABA06DA11FA547C4005112EF /* Sources */ = {
			isa = PBXSourcesBuildPhase;
			buildActionMask = 2147483647;
			files = (
				ABA06DBD1FA5678C005112EF /* SecondViewController.swift in Sources */,
				ABA06DAB1FA547C4005112EF /* ViewController.swift in Sources */,
				ABA06DA91FA547C4005112EF /* AppDelegate.swift in Sources */,
			);
			runOnlyForDeploymentPostprocessing = 0;
		};
/* End PBXSourcesBuildPhase section */

/* Begin PBXVariantGroup section */
		ABA06DAC1FA547C4005112EF /* Main.storyboard */ = {
			isa = PBXVariantGroup;
			children = (
				ABA06DAD1FA547C4005112EF /* Base */,
			);
			name = Main.storyboard;
			sourceTree = "<group>";
		};
		ABA06DB11FA547C4005112EF /* LaunchScreen.storyboard */ = {
			isa = PBXVariantGroup;
			children = (
				ABA06DB21FA547C4005112EF /* Base */,
			);
			name = LaunchScreen.storyboard;
			sourceTree = "<group>";
		};
/* End PBXVariantGroup section */

/* Begin XCBuildConfiguration section */
		ABA06DB51FA547C4005112EF /* Debug */ = {
			isa = XCBuildConfiguration;
			buildSettings = {
				ALWAYS_SEARCH_USER_PATHS = NO;
				CLANG_ANALYZER_NONNULL = YES;
				CLANG_ANALYZER_NUMBER_OBJECT_CONVERSION = YES_AGGRESSIVE;
				CLANG_CXX_LANGUAGE_STANDARD = "gnu++0x";
				CLANG_CXX_LIBRARY = "libc++";
				CLANG_ENABLE_MODULES = YES;
				CLANG_ENABLE_OBJC_ARC = YES;
				CLANG_WARN_BOOL_CONVERSION = YES;
				CLANG_WARN_CONSTANT_CONVERSION = YES;
				CLANG_WARN_DIRECT_OBJC_ISA_USAGE = YES_ERROR;
				CLANG_WARN_DOCUMENTATION_COMMENTS = YES;
				CLANG_WARN_EMPTY_BODY = YES;
				CLANG_WARN_ENUM_CONVERSION = YES;
				CLANG_WARN_INFINITE_RECURSION = YES;
				CLANG_WARN_INT_CONVERSION = YES;
				CLANG_WARN_OBJC_ROOT_CLASS = YES_ERROR;
				CLANG_WARN_SUSPICIOUS_MOVE = YES;
				CLANG_WARN_UNREACHABLE_CODE = YES;
				CLANG_WARN__DUPLICATE_METHOD_MATCH = YES;
				"CODE_SIGN_IDENTITY[sdk=iphoneos*]" = "iPhone Developer";
				COPY_PHASE_STRIP = NO;
				DEBUG_INFORMATION_FORMAT = dwarf;
				ENABLE_STRICT_OBJC_MSGSEND = YES;
				ENABLE_TESTABILITY = YES;
				GCC_C_LANGUAGE_STANDARD = gnu99;
				GCC_DYNAMIC_NO_PIC = NO;
				GCC_NO_COMMON_BLOCKS = YES;
				GCC_OPTIMIZATION_LEVEL = 0;
				GCC_PREPROCESSOR_DEFINITIONS = (
					"DEBUG=1",
					"$(inherited)",
				);
				GCC_WARN_64_TO_32_BIT_CONVERSION = YES;
				GCC_WARN_ABOUT_RETURN_TYPE = YES_ERROR;
				GCC_WARN_UNDECLARED_SELECTOR = YES;
				GCC_WARN_UNINITIALIZED_AUTOS = YES_AGGRESSIVE;
				GCC_WARN_UNUSED_FUNCTION = YES;
				GCC_WARN_UNUSED_VARIABLE = YES;
				IPHONEOS_DEPLOYMENT_TARGET = 10.3;
				MTL_ENABLE_DEBUG_INFO = YES;
				ONLY_ACTIVE_ARCH = YES;
				SDKROOT = iphoneos;
				SWIFT_ACTIVE_COMPILATION_CONDITIONS = DEBUG;
				SWIFT_OPTIMIZATION_LEVEL = "-Onone";
				TARGETED_DEVICE_FAMILY = "1,2";
			};
			name = Debug;
		};
		ABA06DB61FA547C4005112EF /* Release */ = {
			isa = XCBuildConfiguration;
			buildSettings = {
				ALWAYS_SEARCH_USER_PATHS = NO;
				CLANG_ANALYZER_NONNULL = YES;
				CLANG_ANALYZER_NUMBER_OBJECT_CONVERSION = YES_AGGRESSIVE;
				CLANG_CXX_LANGUAGE_STANDARD = "gnu++0x";
				CLANG_CXX_LIBRARY = "libc++";
				CLANG_ENABLE_MODULES = YES;
				CLANG_ENABLE_OBJC_ARC = YES;
				CLANG_WARN_BOOL_CONVERSION = YES;
				CLANG_WARN_CONSTANT_CONVERSION = YES;
				CLANG_WARN_DIRECT_OBJC_ISA_USAGE = YES_ERROR;
				CLANG_WARN_DOCUMENTATION_COMMENTS = YES;
				CLANG_WARN_EMPTY_BODY = YES;
				CLANG_WARN_ENUM_CONVERSION = YES;
				CLANG_WARN_INFINITE_RECURSION = YES;
				CLANG_WARN_INT_CONVERSION = YES;
				CLANG_WARN_OBJC_ROOT_CLASS = YES_ERROR;
				CLANG_WARN_SUSPICIOUS_MOVE = YES;
				CLANG_WARN_UNREACHABLE_CODE = YES;
				CLANG_WARN__DUPLICATE_METHOD_MATCH = YES;
				"CODE_SIGN_IDENTITY[sdk=iphoneos*]" = "iPhone Developer";
				COPY_PHASE_STRIP = NO;
				DEBUG_INFORMATION_FORMAT = "dwarf-with-dsym";
				ENABLE_NS_ASSERTIONS = NO;
				ENABLE_STRICT_OBJC_MSGSEND = YES;
				GCC_C_LANGUAGE_STANDARD = gnu99;
				GCC_NO_COMMON_BLOCKS = YES;
				GCC_WARN_64_TO_32_BIT_CONVERSION = YES;
				GCC_WARN_ABOUT_RETURN_TYPE = YES_ERROR;
				GCC_WARN_UNDECLARED_SELECTOR = YES;
				GCC_WARN_UNINITIALIZED_AUTOS = YES_AGGRESSIVE;
				GCC_WARN_UNUSED_FUNCTION = YES;
				GCC_WARN_UNUSED_VARIABLE = YES;
				IPHONEOS_DEPLOYMENT_TARGET = 10.3;
				MTL_ENABLE_DEBUG_INFO = NO;
				SDKROOT = iphoneos;
				SWIFT_OPTIMIZATION_LEVEL = "-Owholemodule";
				TARGETED_DEVICE_FAMILY = "1,2";
				VALIDATE_PRODUCT = YES;
			};
			name = Release;
		};
		ABA06DB81FA547C4005112EF /* Debug */ = {
			isa = XCBuildConfiguration;
			buildSettings = {
				ASSETCATALOG_COMPILER_APPICON_NAME = AppIcon;
				DEVELOPMENT_TEAM = N3R5NNRND3;
				INFOPLIST_FILE = WhatIsMyNumber/Info.plist;
				LD_RUNPATH_SEARCH_PATHS = "$(inherited) @executable_path/Frameworks";
				PRODUCT_BUNDLE_IDENTIFIER = com.johnito.WhatIsMyNumber;
				PRODUCT_NAME = "$(TARGET_NAME)";
				SWIFT_VERSION = 3.0;
			};
			name = Debug;
		};
		ABA06DB91FA547C4005112EF /* Release */ = {
			isa = XCBuildConfiguration;
			buildSettings = {
				ASSETCATALOG_COMPILER_APPICON_NAME = AppIcon;
				DEVELOPMENT_TEAM = N3R5NNRND3;
				INFOPLIST_FILE = WhatIsMyNumber/Info.plist;
				LD_RUNPATH_SEARCH_PATHS = "$(inherited) @executable_path/Frameworks";
				PRODUCT_BUNDLE_IDENTIFIER = com.johnito.WhatIsMyNumber;
				PRODUCT_NAME = "$(TARGET_NAME)";
				SWIFT_VERSION = 3.0;
			};
			name = Release;
		};
/* End XCBuildConfiguration section */

/* Begin XCConfigurationList section */
		ABA06DA01FA547C4005112EF /* Build configuration list for PBXProject "WhatIsMyNumber" */ = {
			isa = XCConfigurationList;
			buildConfigurations = (
				ABA06DB51FA547C4005112EF /* Debug */,
				ABA06DB61FA547C4005112EF /* Release */,
			);
			defaultConfigurationIsVisible = 0;
			defaultConfigurationName = Release;
		};
		ABA06DB71FA547C4005112EF /* Build configuration list for PBXNativeTarget "WhatIsMyNumber" */ = {
			isa = XCConfigurationList;
			buildConfigurations = (
				ABA06DB81FA547C4005112EF /* Debug */,
				ABA06DB91FA547C4005112EF /* Release */,
			);
			defaultConfigurationIsVisible = 0;
			defaultConfigurationName = Release;
		};
/* End XCConfigurationList section */
	};
	rootObject = ABA06D9D1FA547C4005112EF /* Project object */;
}
