// !$*UTF8*$!
{
	archiveVersion = 1;
	classes = {
	};
	objectVersion = 46;
	objects = {

/* Begin PBXBuildFile section */
		ABF63FEA1FC0FA46004BA277 /* AppDelegate.swift in Sources */ = {isa = PBXBuildFile; fileRef = ABF63FE91FC0FA46004BA277 /* AppDelegate.swift */; };
		ABF63FEC1FC0FA46004BA277 /* ViewController.swift in Sources */ = {isa = PBXBuildFile; fileRef = ABF63FEB1FC0FA46004BA277 /* ViewController.swift */; };
		ABF63FEF1FC0FA46004BA277 /* Main.storyboard in Resources */ = {isa = PBXBuildFile; fileRef = ABF63FED1FC0FA46004BA277 /* Main.storyboard */; };
		ABF63FF11FC0FA46004BA277 /* Assets.xcassets in Resources */ = {isa = PBXBuildFile; fileRef = ABF63FF01FC0FA46004BA277 /* Assets.xcassets */; };
		ABF63FF41FC0FA46004BA277 /* LaunchScreen.storyboard in Resources */ = {isa = PBXBuildFile; fileRef = ABF63FF21FC0FA46004BA277 /* LaunchScreen.storyboard */; };
		ABF640001FC1018B004BA277 /* board.png in Resources */ = {isa = PBXBuildFile; fileRef = ABF63FFD1FC1018B004BA277 /* board.png */; };
		ABF640011FC1018B004BA277 /* cross.png in Resources */ = {isa = PBXBuildFile; fileRef = ABF63FFE1FC1018B004BA277 /* cross.png */; };
		ABF640021FC1018B004BA277 /* nought.png in Resources */ = {isa = PBXBuildFile; fileRef = ABF63FFF1FC1018B004BA277 /* nought.png */; };
/* End PBXBuildFile section */

/* Begin PBXFileReference section */
		ABF63FE61FC0FA46004BA277 /* tictactoe.app */ = {isa = PBXFileReference; explicitFileType = wrapper.application; includeInIndex = 0; path = tictactoe.app; sourceTree = BUILT_PRODUCTS_DIR; };
		ABF63FE91FC0FA46004BA277 /* AppDelegate.swift */ = {isa = PBXFileReference; lastKnownFileType = sourcecode.swift; path = AppDelegate.swift; sourceTree = "<group>"; };
		ABF63FEB1FC0FA46004BA277 /* ViewController.swift */ = {isa = PBXFileReference; lastKnownFileType = sourcecode.swift; path = ViewController.swift; sourceTree = "<group>"; };
		ABF63FEE1FC0FA46004BA277 /* Base */ = {isa = PBXFileReference; lastKnownFileType = file.storyboard; name = Base; path = Base.lproj/Main.storyboard; sourceTree = "<group>"; };
		ABF63FF01FC0FA46004BA277 /* Assets.xcassets */ = {isa = PBXFileReference; lastKnownFileType = folder.assetcatalog; path = Assets.xcassets; sourceTree = "<group>"; };
		ABF63FF31FC0FA46004BA277 /* Base */ = {isa = PBXFileReference; lastKnownFileType = file.storyboard; name = Base; path = Base.lproj/LaunchScreen.storyboard; sourceTree = "<group>"; };
		ABF63FF51FC0FA46004BA277 /* Info.plist */ = {isa = PBXFileReference; lastKnownFileType = text.plist.xml; path = Info.plist; sourceTree = "<group>"; };
		ABF63FFD1FC1018B004BA277 /* board.png */ = {isa = PBXFileReference; lastKnownFileType = image.png; path = board.png; sourceTree = "<group>"; };
		ABF63FFE1FC1018B004BA277 /* cross.png */ = {isa = PBXFileReference; lastKnownFileType = image.png; path = cross.png; sourceTree = "<group>"; };
		ABF63FFF1FC1018B004BA277 /* nought.png */ = {isa = PBXFileReference; lastKnownFileType = image.png; path = nought.png; sourceTree = "<group>"; };
/* End PBXFileReference section */

/* Begin PBXFrameworksBuildPhase section */
		ABF63FE31FC0FA46004BA277 /* Frameworks */ = {
			isa = PBXFrameworksBuildPhase;
			buildActionMask = 2147483647;
			files = (
			);
			runOnlyForDeploymentPostprocessing = 0;
		};
/* End PBXFrameworksBuildPhase section */

/* Begin PBXGroup section */
		ABF63FDD1FC0FA46004BA277 = {
			isa = PBXGroup;
			children = (
				ABF63FE81FC0FA46004BA277 /* tictactoe */,
				ABF63FE71FC0FA46004BA277 /* Products */,
			);
			sourceTree = "<group>";
		};
		ABF63FE71FC0FA46004BA277 /* Products */ = {
			isa = PBXGroup;
			children = (
				ABF63FE61FC0FA46004BA277 /* tictactoe.app */,
			);
			name = Products;
			sourceTree = "<group>";
		};
		ABF63FE81FC0FA46004BA277 /* tictactoe */ = {
			isa = PBXGroup;
			children = (
				ABF63FE91FC0FA46004BA277 /* AppDelegate.swift */,
				ABF63FEB1FC0FA46004BA277 /* ViewController.swift */,
				ABF63FED1FC0FA46004BA277 /* Main.storyboard */,
				ABF63FF01FC0FA46004BA277 /* Assets.xcassets */,
				ABF63FFD1FC1018B004BA277 /* board.png */,
				ABF63FFE1FC1018B004BA277 /* cross.png */,
				ABF63FFF1FC1018B004BA277 /* nought.png */,
				ABF63FF21FC0FA46004BA277 /* LaunchScreen.storyboard */,
				ABF63FF51FC0FA46004BA277 /* Info.plist */,
			);
			path = tictactoe;
			sourceTree = "<group>";
		};
/* End PBXGroup section */

/* Begin PBXNativeTarget section */
		ABF63FE51FC0FA46004BA277 /* tictactoe */ = {
			isa = PBXNativeTarget;
			buildConfigurationList = ABF63FF81FC0FA46004BA277 /* Build configuration list for PBXNativeTarget "tictactoe" */;
			buildPhases = (
				ABF63FE21FC0FA46004BA277 /* Sources */,
				ABF63FE31FC0FA46004BA277 /* Frameworks */,
				ABF63FE41FC0FA46004BA277 /* Resources */,
			);
			buildRules = (
			);
			dependencies = (
			);
			name = tictactoe;
			productName = tictactoe;
			productReference = ABF63FE61FC0FA46004BA277 /* tictactoe.app */;
			productType = "com.apple.product-type.application";
		};
/* End PBXNativeTarget section */

/* Begin PBXProject section */
		ABF63FDE1FC0FA46004BA277 /* Project object */ = {
			isa = PBXProject;
			attributes = {
				LastSwiftUpdateCheck = 0830;
				LastUpgradeCheck = 0830;
				ORGANIZATIONNAME = Johnito;
				TargetAttributes = {
					ABF63FE51FC0FA46004BA277 = {
						CreatedOnToolsVersion = 8.3.3;
						DevelopmentTeam = N3R5NNRND3;
						ProvisioningStyle = Automatic;
					};
				};
			};
			buildConfigurationList = ABF63FE11FC0FA46004BA277 /* Build configuration list for PBXProject "tictactoe" */;
			compatibilityVersion = "Xcode 3.2";
			developmentRegion = English;
			hasScannedForEncodings = 0;
			knownRegions = (
				en,
				Base,
			);
			mainGroup = ABF63FDD1FC0FA46004BA277;
			productRefGroup = ABF63FE71FC0FA46004BA277 /* Products */;
			projectDirPath = "";
			projectRoot = "";
			targets = (
				ABF63FE51FC0FA46004BA277 /* tictactoe */,
			);
		};
/* End PBXProject section */

/* Begin PBXResourcesBuildPhase section */
		ABF63FE41FC0FA46004BA277 /* Resources */ = {
			isa = PBXResourcesBuildPhase;
			buildActionMask = 2147483647;
			files = (
				ABF640021FC1018B004BA277 /* nought.png in Resources */,
				ABF640011FC1018B004BA277 /* cross.png in Resources */,
				ABF63FF41FC0FA46004BA277 /* LaunchScreen.storyboard in Resources */,
				ABF63FF11FC0FA46004BA277 /* Assets.xcassets in Resources */,
				ABF640001FC1018B004BA277 /* board.png in Resources */,
				ABF63FEF1FC0FA46004BA277 /* Main.storyboard in Resources */,
			);
			runOnlyForDeploymentPostprocessing = 0;
		};
/* End PBXResourcesBuildPhase section */

/* Begin PBXSourcesBuildPhase section */
		ABF63FE21FC0FA46004BA277 /* Sources */ = {
			isa = PBXSourcesBuildPhase;
			buildActionMask = 2147483647;
			files = (
				ABF63FEC1FC0FA46004BA277 /* ViewController.swift in Sources */,
				ABF63FEA1FC0FA46004BA277 /* AppDelegate.swift in Sources */,
			);
			runOnlyForDeploymentPostprocessing = 0;
		};
/* End PBXSourcesBuildPhase section */

/* Begin PBXVariantGroup section */
		ABF63FED1FC0FA46004BA277 /* Main.storyboard */ = {
			isa = PBXVariantGroup;
			children = (
				ABF63FEE1FC0FA46004BA277 /* Base */,
			);
			name = Main.storyboard;
			sourceTree = "<group>";
		};
		ABF63FF21FC0FA46004BA277 /* LaunchScreen.storyboard */ = {
			isa = PBXVariantGroup;
			children = (
				ABF63FF31FC0FA46004BA277 /* Base */,
			);
			name = LaunchScreen.storyboard;
			sourceTree = "<group>";
		};
/* End PBXVariantGroup section */

/* Begin XCBuildConfiguration section */
		ABF63FF61FC0FA46004BA277 /* Debug */ = {
			isa = XCBuildConfiguration;
			buildSettings = {
				ALWAYS_SEARCH_USER_PATHS = NO;
				CLANG_ANALYZER_NONNULL = YES;
				CLANG_ANALYZER_NUMBER_OBJECT_CONVERSION = YES_AGGRESSIVE;
				CLANG_CXX_LANGUAGE_STANDARD = "gnu++0x";
				CLANG_CXX_LIBRARY = "libc++";
				CLANG_ENABLE_MODULES = YES;
				CLANG_ENABLE_OBJC_ARC = YES;
				CLANG_WARN_BOOL_CONVERSION = YES;
				CLANG_WARN_CONSTANT_CONVERSION = YES;
				CLANG_WARN_DIRECT_OBJC_ISA_USAGE = YES_ERROR;
				CLANG_WARN_DOCUMENTATION_COMMENTS = YES;
				CLANG_WARN_EMPTY_BODY = YES;
				CLANG_WARN_ENUM_CONVERSION = YES;
				CLANG_WARN_INFINITE_RECURSION = YES;
				CLANG_WARN_INT_CONVERSION = YES;
				CLANG_WARN_OBJC_ROOT_CLASS = YES_ERROR;
				CLANG_WARN_SUSPICIOUS_MOVE = YES;
				CLANG_WARN_UNREACHABLE_CODE = YES;
				CLANG_WARN__DUPLICATE_METHOD_MATCH = YES;
				"CODE_SIGN_IDENTITY[sdk=iphoneos*]" = "iPhone Developer";
				COPY_PHASE_STRIP = NO;
				DEBUG_INFORMATION_FORMAT = dwarf;
				ENABLE_STRICT_OBJC_MSGSEND = YES;
				ENABLE_TESTABILITY = YES;
				GCC_C_LANGUAGE_STANDARD = gnu99;
				GCC_DYNAMIC_NO_PIC = NO;
				GCC_NO_COMMON_BLOCKS = YES;
				GCC_OPTIMIZATION_LEVEL = 0;
				GCC_PREPROCESSOR_DEFINITIONS = (
					"DEBUG=1",
					"$(inherited)",
				);
				GCC_WARN_64_TO_32_BIT_CONVERSION = YES;
				GCC_WARN_ABOUT_RETURN_TYPE = YES_ERROR;
				GCC_WARN_UNDECLARED_SELECTOR = YES;
				GCC_WARN_UNINITIALIZED_AUTOS = YES_AGGRESSIVE;
				GCC_WARN_UNUSED_FUNCTION = YES;
				GCC_WARN_UNUSED_VARIABLE = YES;
				IPHONEOS_DEPLOYMENT_TARGET = 10.3;
				MTL_ENABLE_DEBUG_INFO = YES;
				ONLY_ACTIVE_ARCH = YES;
				SDKROOT = iphoneos;
				SWIFT_ACTIVE_COMPILATION_CONDITIONS = DEBUG;
				SWIFT_OPTIMIZATION_LEVEL = "-Onone";
				TARGETED_DEVICE_FAMILY = "1,2";
			};
			name = Debug;
		};
		ABF63FF71FC0FA46004BA277 /* Release */ = {
			isa = XCBuildConfiguration;
			buildSettings = {
				ALWAYS_SEARCH_USER_PATHS = NO;
				CLANG_ANALYZER_NONNULL = YES;
				CLANG_ANALYZER_NUMBER_OBJECT_CONVERSION = YES_AGGRESSIVE;
				CLANG_CXX_LANGUAGE_STANDARD = "gnu++0x";
				CLANG_CXX_LIBRARY = "libc++";
				CLANG_ENABLE_MODULES = YES;
				CLANG_ENABLE_OBJC_ARC = YES;
				CLANG_WARN_BOOL_CONVERSION = YES;
				CLANG_WARN_CONSTANT_CONVERSION = YES;
				CLANG_WARN_DIRECT_OBJC_ISA_USAGE = YES_ERROR;
				CLANG_WARN_DOCUMENTATION_COMMENTS = YES;
				CLANG_WARN_EMPTY_BODY = YES;
				CLANG_WARN_ENUM_CONVERSION = YES;
				CLANG_WARN_INFINITE_RECURSION = YES;
				CLANG_WARN_INT_CONVERSION = YES;
				CLANG_WARN_OBJC_ROOT_CLASS = YES_ERROR;
				CLANG_WARN_SUSPICIOUS_MOVE = YES;
				CLANG_WARN_UNREACHABLE_CODE = YES;
				CLANG_WARN__DUPLICATE_METHOD_MATCH = YES;
				"CODE_SIGN_IDENTITY[sdk=iphoneos*]" = "iPhone Developer";
				COPY_PHASE_STRIP = NO;
				DEBUG_INFORMATION_FORMAT = "dwarf-with-dsym";
				ENABLE_NS_ASSERTIONS = NO;
				ENABLE_STRICT_OBJC_MSGSEND = YES;
				GCC_C_LANGUAGE_STANDARD = gnu99;
				GCC_NO_COMMON_BLOCKS = YES;
				GCC_WARN_64_TO_32_BIT_CONVERSION = YES;
				GCC_WARN_ABOUT_RETURN_TYPE = YES_ERROR;
				GCC_WARN_UNDECLARED_SELECTOR = YES;
				GCC_WARN_UNINITIALIZED_AUTOS = YES_AGGRESSIVE;
				GCC_WARN_UNUSED_FUNCTION = YES;
				GCC_WARN_UNUSED_VARIABLE = YES;
				IPHONEOS_DEPLOYMENT_TARGET = 10.3;
				MTL_ENABLE_DEBUG_INFO = NO;
				SDKROOT = iphoneos;
				SWIFT_OPTIMIZATION_LEVEL = "-Owholemodule";
				TARGETED_DEVICE_FAMILY = "1,2";
				VALIDATE_PRODUCT = YES;
			};
			name = Release;
		};
		ABF63FF91FC0FA46004BA277 /* Debug */ = {
			isa = XCBuildConfiguration;
			buildSettings = {
				ASSETCATALOG_COMPILER_APPICON_NAME = AppIcon;
				DEVELOPMENT_TEAM = N3R5NNRND3;
				INFOPLIST_FILE = tictactoe/Info.plist;
				LD_RUNPATH_SEARCH_PATHS = "$(inherited) @executable_path/Frameworks";
				PRODUCT_BUNDLE_IDENTIFIER = com.johnito.tictactoe;
				PRODUCT_NAME = "$(TARGET_NAME)";
				SWIFT_VERSION = 3.0;
			};
			name = Debug;
		};
		ABF63FFA1FC0FA46004BA277 /* Release */ = {
			isa = XCBuildConfiguration;
			buildSettings = {
				ASSETCATALOG_COMPILER_APPICON_NAME = AppIcon;
				DEVELOPMENT_TEAM = N3R5NNRND3;
				INFOPLIST_FILE = tictactoe/Info.plist;
				LD_RUNPATH_SEARCH_PATHS = "$(inherited) @executable_path/Frameworks";
				PRODUCT_BUNDLE_IDENTIFIER = com.johnito.tictactoe;
				PRODUCT_NAME = "$(TARGET_NAME)";
				SWIFT_VERSION = 3.0;
			};
			name = Release;
		};
/* End XCBuildConfiguration section */

/* Begin XCConfigurationList section */
		ABF63FE11FC0FA46004BA277 /* Build configuration list for PBXProject "tictactoe" */ = {
			isa = XCConfigurationList;
			buildConfigurations = (
				ABF63FF61FC0FA46004BA277 /* Debug */,
				ABF63FF71FC0FA46004BA277 /* Release */,
			);
			defaultConfigurationIsVisible = 0;
			defaultConfigurationName = Release;
		};
		ABF63FF81FC0FA46004BA277 /* Build configuration list for PBXNativeTarget "tictactoe" */ = {
			isa = XCConfigurationList;
			buildConfigurations = (
				ABF63FF91FC0FA46004BA277 /* Debug */,
				ABF63FFA1FC0FA46004BA277 /* Release */,
			);
			defaultConfigurationIsVisible = 0;
		};
/* End XCConfigurationList section */
	};
	rootObject = ABF63FDE1FC0FA46004BA277 /* Project object */;
}
