// !$*UTF8*$!
{
	archiveVersion = 1;
	classes = {
	};
	objectVersion = 46;
	objects = {

/* Begin PBXBuildFile section */
		AB06A7891FF3068800B5E6A0 /* AppDelegate.swift in Sources */ = {isa = PBXBuildFile; fileRef = AB06A7881FF3068800B5E6A0 /* AppDelegate.swift */; };
		AB06A78B1FF3068800B5E6A0 /* ViewController.swift in Sources */ = {isa = PBXBuildFile; fileRef = AB06A78A1FF3068800B5E6A0 /* ViewController.swift */; };
		AB06A78E1FF3068800B5E6A0 /* Main.storyboard in Resources */ = {isa = PBXBuildFile; fileRef = AB06A78C1FF3068800B5E6A0 /* Main.storyboard */; };
		AB06A7901FF3068800B5E6A0 /* Assets.xcassets in Resources */ = {isa = PBXBuildFile; fileRef = AB06A78F1FF3068800B5E6A0 /* Assets.xcassets */; };
		AB06A7931FF3068800B5E6A0 /* LaunchScreen.storyboard in Resources */ = {isa = PBXBuildFile; fileRef = AB06A7911FF3068800B5E6A0 /* LaunchScreen.storyboard */; };
		AB06A79B1FF306E400B5E6A0 /* SecondViewController.swift in Sources */ = {isa = PBXBuildFile; fileRef = AB06A79A1FF306E400B5E6A0 /* SecondViewController.swift */; };
/* End PBXBuildFile section */

/* Begin PBXFileReference section */
		AB06A7851FF3068800B5E6A0 /* Advanced Segues.app */ = {isa = PBXFileReference; explicitFileType = wrapper.application; includeInIndex = 0; path = "Advanced Segues.app"; sourceTree = BUILT_PRODUCTS_DIR; };
		AB06A7881FF3068800B5E6A0 /* AppDelegate.swift */ = {isa = PBXFileReference; lastKnownFileType = sourcecode.swift; path = AppDelegate.swift; sourceTree = "<group>"; };
		AB06A78A1FF3068800B5E6A0 /* ViewController.swift */ = {isa = PBXFileReference; lastKnownFileType = sourcecode.swift; path = ViewController.swift; sourceTree = "<group>"; };
		AB06A78D1FF3068800B5E6A0 /* Base */ = {isa = PBXFileReference; lastKnownFileType = file.storyboard; name = Base; path = Base.lproj/Main.storyboard; sourceTree = "<group>"; };
		AB06A78F1FF3068800B5E6A0 /* Assets.xcassets */ = {isa = PBXFileReference; lastKnownFileType = folder.assetcatalog; path = Assets.xcassets; sourceTree = "<group>"; };
		AB06A7921FF3068800B5E6A0 /* Base */ = {isa = PBXFileReference; lastKnownFileType = file.storyboard; name = Base; path = Base.lproj/LaunchScreen.storyboard; sourceTree = "<group>"; };
		AB06A7941FF3068800B5E6A0 /* Info.plist */ = {isa = PBXFileReference; lastKnownFileType = text.plist.xml; path = Info.plist; sourceTree = "<group>"; };
		AB06A79A1FF306E400B5E6A0 /* SecondViewController.swift */ = {isa = PBXFileReference; fileEncoding = 4; lastKnownFileType = sourcecode.swift; path = SecondViewController.swift; sourceTree = "<group>"; };
/* End PBXFileReference section */

/* Begin PBXFrameworksBuildPhase section */
		AB06A7821FF3068800B5E6A0 /* Frameworks */ = {
			isa = PBXFrameworksBuildPhase;
			buildActionMask = 2147483647;
			files = (
			);
			runOnlyForDeploymentPostprocessing = 0;
		};
/* End PBXFrameworksBuildPhase section */

/* Begin PBXGroup section */
		AB06A77C1FF3068800B5E6A0 = {
			isa = PBXGroup;
			children = (
				AB06A7871FF3068800B5E6A0 /* Advanced Segues */,
				AB06A7861FF3068800B5E6A0 /* Products */,
			);
			sourceTree = "<group>";
		};
		AB06A7861FF3068800B5E6A0 /* Products */ = {
			isa = PBXGroup;
			children = (
				AB06A7851FF3068800B5E6A0 /* Advanced Segues.app */,
			);
			name = Products;
			sourceTree = "<group>";
		};
		AB06A7871FF3068800B5E6A0 /* Advanced Segues */ = {
			isa = PBXGroup;
			children = (
				AB06A7881FF3068800B5E6A0 /* AppDelegate.swift */,
				AB06A78A1FF3068800B5E6A0 /* ViewController.swift */,
				AB06A78C1FF3068800B5E6A0 /* Main.storyboard */,
				AB06A79A1FF306E400B5E6A0 /* SecondViewController.swift */,
				AB06A78F1FF3068800B5E6A0 /* Assets.xcassets */,
				AB06A7911FF3068800B5E6A0 /* LaunchScreen.storyboard */,
				AB06A7941FF3068800B5E6A0 /* Info.plist */,
			);
			path = "Advanced Segues";
			sourceTree = "<group>";
		};
/* End PBXGroup section */

/* Begin PBXNativeTarget section */
		AB06A7841FF3068800B5E6A0 /* Advanced Segues */ = {
			isa = PBXNativeTarget;
			buildConfigurationList = AB06A7971FF3068800B5E6A0 /* Build configuration list for PBXNativeTarget "Advanced Segues" */;
			buildPhases = (
				AB06A7811FF3068800B5E6A0 /* Sources */,
				AB06A7821FF3068800B5E6A0 /* Frameworks */,
				AB06A7831FF3068800B5E6A0 /* Resources */,
			);
			buildRules = (
			);
			dependencies = (
			);
			name = "Advanced Segues";
			productName = "Advanced Segues";
			productReference = AB06A7851FF3068800B5E6A0 /* Advanced Segues.app */;
			productType = "com.apple.product-type.application";
		};
/* End PBXNativeTarget section */

/* Begin PBXProject section */
		AB06A77D1FF3068800B5E6A0 /* Project object */ = {
			isa = PBXProject;
			attributes = {
				LastSwiftUpdateCheck = 0830;
				LastUpgradeCheck = 0830;
				ORGANIZATIONNAME = Johnito;
				TargetAttributes = {
					AB06A7841FF3068800B5E6A0 = {
						CreatedOnToolsVersion = 8.3.3;
						DevelopmentTeam = N3R5NNRND3;
						ProvisioningStyle = Automatic;
					};
				};
			};
			buildConfigurationList = AB06A7801FF3068800B5E6A0 /* Build configuration list for PBXProject "Advanced Segues" */;
			compatibilityVersion = "Xcode 3.2";
			developmentRegion = English;
			hasScannedForEncodings = 0;
			knownRegions = (
				en,
				Base,
			);
			mainGroup = AB06A77C1FF3068800B5E6A0;
			productRefGroup = AB06A7861FF3068800B5E6A0 /* Products */;
			projectDirPath = "";
			projectRoot = "";
			targets = (
				AB06A7841FF3068800B5E6A0 /* Advanced Segues */,
			);
		};
/* End PBXProject section */

/* Begin PBXResourcesBuildPhase section */
		AB06A7831FF3068800B5E6A0 /* Resources */ = {
			isa = PBXResourcesBuildPhase;
			buildActionMask = 2147483647;
			files = (
				AB06A7931FF3068800B5E6A0 /* LaunchScreen.storyboard in Resources */,
				AB06A7901FF3068800B5E6A0 /* Assets.xcassets in Resources */,
				AB06A78E1FF3068800B5E6A0 /* Main.storyboard in Resources */,
			);
			runOnlyForDeploymentPostprocessing = 0;
		};
/* End PBXResourcesBuildPhase section */

/* Begin PBXSourcesBuildPhase section */
		AB06A7811FF3068800B5E6A0 /* Sources */ = {
			isa = PBXSourcesBuildPhase;
			buildActionMask = 2147483647;
			files = (
				AB06A79B1FF306E400B5E6A0 /* SecondViewController.swift in Sources */,
				AB06A78B1FF3068800B5E6A0 /* ViewController.swift in Sources */,
				AB06A7891FF3068800B5E6A0 /* AppDelegate.swift in Sources */,
			);
			runOnlyForDeploymentPostprocessing = 0;
		};
/* End PBXSourcesBuildPhase section */

/* Begin PBXVariantGroup section */
		AB06A78C1FF3068800B5E6A0 /* Main.storyboard */ = {
			isa = PBXVariantGroup;
			children = (
				AB06A78D1FF3068800B5E6A0 /* Base */,
			);
			name = Main.storyboard;
			sourceTree = "<group>";
		};
		AB06A7911FF3068800B5E6A0 /* LaunchScreen.storyboard */ = {
			isa = PBXVariantGroup;
			children = (
				AB06A7921FF3068800B5E6A0 /* Base */,
			);
			name = LaunchScreen.storyboard;
			sourceTree = "<group>";
		};
/* End PBXVariantGroup section */

/* Begin XCBuildConfiguration section */
		AB06A7951FF3068800B5E6A0 /* Debug */ = {
			isa = XCBuildConfiguration;
			buildSettings = {
				ALWAYS_SEARCH_USER_PATHS = NO;
				CLANG_ANALYZER_NONNULL = YES;
				CLANG_ANALYZER_NUMBER_OBJECT_CONVERSION = YES_AGGRESSIVE;
				CLANG_CXX_LANGUAGE_STANDARD = "gnu++0x";
				CLANG_CXX_LIBRARY = "libc++";
				CLANG_ENABLE_MODULES = YES;
				CLANG_ENABLE_OBJC_ARC = YES;
				CLANG_WARN_BOOL_CONVERSION = YES;
				CLANG_WARN_CONSTANT_CONVERSION = YES;
				CLANG_WARN_DIRECT_OBJC_ISA_USAGE = YES_ERROR;
				CLANG_WARN_DOCUMENTATION_COMMENTS = YES;
				CLANG_WARN_EMPTY_BODY = YES;
				CLANG_WARN_ENUM_CONVERSION = YES;
				CLANG_WARN_INFINITE_RECURSION = YES;
				CLANG_WARN_INT_CONVERSION = YES;
				CLANG_WARN_OBJC_ROOT_CLASS = YES_ERROR;
				CLANG_WARN_SUSPICIOUS_MOVE = YES;
				CLANG_WARN_UNREACHABLE_CODE = YES;
				CLANG_WARN__DUPLICATE_METHOD_MATCH = YES;
				"CODE_SIGN_IDENTITY[sdk=iphoneos*]" = "iPhone Developer";
				COPY_PHASE_STRIP = NO;
				DEBUG_INFORMATION_FORMAT = dwarf;
				ENABLE_STRICT_OBJC_MSGSEND = YES;
				ENABLE_TESTABILITY = YES;
				GCC_C_LANGUAGE_STANDARD = gnu99;
				GCC_DYNAMIC_NO_PIC = NO;
				GCC_NO_COMMON_BLOCKS = YES;
				GCC_OPTIMIZATION_LEVEL = 0;
				GCC_PREPROCESSOR_DEFINITIONS = (
					"DEBUG=1",
					"$(inherited)",
				);
				GCC_WARN_64_TO_32_BIT_CONVERSION = YES;
				GCC_WARN_ABOUT_RETURN_TYPE = YES_ERROR;
				GCC_WARN_UNDECLARED_SELECTOR = YES;
				GCC_WARN_UNINITIALIZED_AUTOS = YES_AGGRESSIVE;
				GCC_WARN_UNUSED_FUNCTION = YES;
				GCC_WARN_UNUSED_VARIABLE = YES;
				IPHONEOS_DEPLOYMENT_TARGET = 10.3;
				MTL_ENABLE_DEBUG_INFO = YES;
				ONLY_ACTIVE_ARCH = YES;
				SDKROOT = iphoneos;
				SWIFT_ACTIVE_COMPILATION_CONDITIONS = DEBUG;
				SWIFT_OPTIMIZATION_LEVEL = "-Onone";
				TARGETED_DEVICE_FAMILY = "1,2";
			};
			name = Debug;
		};
		AB06A7961FF3068800B5E6A0 /* Release */ = {
			isa = XCBuildConfiguration;
			buildSettings = {
				ALWAYS_SEARCH_USER_PATHS = NO;
				CLANG_ANALYZER_NONNULL = YES;
				CLANG_ANALYZER_NUMBER_OBJECT_CONVERSION = YES_AGGRESSIVE;
				CLANG_CXX_LANGUAGE_STANDARD = "gnu++0x";
				CLANG_CXX_LIBRARY = "libc++";
				CLANG_ENABLE_MODULES = YES;
				CLANG_ENABLE_OBJC_ARC = YES;
				CLANG_WARN_BOOL_CONVERSION = YES;
				CLANG_WARN_CONSTANT_CONVERSION = YES;
				CLANG_WARN_DIRECT_OBJC_ISA_USAGE = YES_ERROR;
				CLANG_WARN_DOCUMENTATION_COMMENTS = YES;
				CLANG_WARN_EMPTY_BODY = YES;
				CLANG_WARN_ENUM_CONVERSION = YES;
				CLANG_WARN_INFINITE_RECURSION = YES;
				CLANG_WARN_INT_CONVERSION = YES;
				CLANG_WARN_OBJC_ROOT_CLASS = YES_ERROR;
				CLANG_WARN_SUSPICIOUS_MOVE = YES;
				CLANG_WARN_UNREACHABLE_CODE = YES;
				CLANG_WARN__DUPLICATE_METHOD_MATCH = YES;
				"CODE_SIGN_IDENTITY[sdk=iphoneos*]" = "iPhone Developer";
				COPY_PHASE_STRIP = NO;
				DEBUG_INFORMATION_FORMAT = "dwarf-with-dsym";
				ENABLE_NS_ASSERTIONS = NO;
				ENABLE_STRICT_OBJC_MSGSEND = YES;
				GCC_C_LANGUAGE_STANDARD = gnu99;
				GCC_NO_COMMON_BLOCKS = YES;
				GCC_WARN_64_TO_32_BIT_CONVERSION = YES;
				GCC_WARN_ABOUT_RETURN_TYPE = YES_ERROR;
				GCC_WARN_UNDECLARED_SELECTOR = YES;
				GCC_WARN_UNINITIALIZED_AUTOS = YES_AGGRESSIVE;
				GCC_WARN_UNUSED_FUNCTION = YES;
				GCC_WARN_UNUSED_VARIABLE = YES;
				IPHONEOS_DEPLOYMENT_TARGET = 10.3;
				MTL_ENABLE_DEBUG_INFO = NO;
				SDKROOT = iphoneos;
				SWIFT_OPTIMIZATION_LEVEL = "-Owholemodule";
				TARGETED_DEVICE_FAMILY = "1,2";
				VALIDATE_PRODUCT = YES;
			};
			name = Release;
		};
		AB06A7981FF3068800B5E6A0 /* Debug */ = {
			isa = XCBuildConfiguration;
			buildSettings = {
				ASSETCATALOG_COMPILER_APPICON_NAME = AppIcon;
				DEVELOPMENT_TEAM = N3R5NNRND3;
				INFOPLIST_FILE = "Advanced Segues/Info.plist";
				LD_RUNPATH_SEARCH_PATHS = "$(inherited) @executable_path/Frameworks";
				PRODUCT_BUNDLE_IDENTIFIER = "com.johnito.Advanced-Segues";
				PRODUCT_NAME = "$(TARGET_NAME)";
				SWIFT_VERSION = 3.0;
			};
			name = Debug;
		};
		AB06A7991FF3068800B5E6A0 /* Release */ = {
			isa = XCBuildConfiguration;
			buildSettings = {
				ASSETCATALOG_COMPILER_APPICON_NAME = AppIcon;
				DEVELOPMENT_TEAM = N3R5NNRND3;
				INFOPLIST_FILE = "Advanced Segues/Info.plist";
				LD_RUNPATH_SEARCH_PATHS = "$(inherited) @executable_path/Frameworks";
				PRODUCT_BUNDLE_IDENTIFIER = "com.johnito.Advanced-Segues";
				PRODUCT_NAME = "$(TARGET_NAME)";
				SWIFT_VERSION = 3.0;
			};
			name = Release;
		};
/* End XCBuildConfiguration section */

/* Begin XCConfigurationList section */
		AB06A7801FF3068800B5E6A0 /* Build configuration list for PBXProject "Advanced Segues" */ = {
			isa = XCConfigurationList;
			buildConfigurations = (
				AB06A7951FF3068800B5E6A0 /* Debug */,
				AB06A7961FF3068800B5E6A0 /* Release */,
			);
			defaultConfigurationIsVisible = 0;
			defaultConfigurationName = Release;
		};
		AB06A7971FF3068800B5E6A0 /* Build configuration list for PBXNativeTarget "Advanced Segues" */ = {
			isa = XCConfigurationList;
			buildConfigurations = (
				AB06A7981FF3068800B5E6A0 /* Debug */,
				AB06A7991FF3068800B5E6A0 /* Release */,
			);
			defaultConfigurationIsVisible = 0;
		};
/* End XCConfigurationList section */
	};
	rootObject = AB06A77D1FF3068800B5E6A0 /* Project object */;
}
